
Microsoft Visual Studio Solution File, Format Version 12.00
# Visual Studio Version 17
VisualStudioVersion = 17.11.35303.130
MinimumVisualStudioVersion = 10.0.40219.1
Project("{9A19103F-16F7-4668-BE54-9A1E7A4F7556}") = "Lab_9", "Lab_9\Lab_9.csproj", "{32EF0537-4FD9-476C-82FC-E493E644E86E}"
EndProject
Project("{9A19103F-16F7-4668-BE54-9A1E7A4F7556}") = "Lab_7", "..\Lab_7\Lab_7\Lab_7.csproj", "{78A080E1-F399-4342-916C-2AC5CA2397F1}"
EndProject
Project("{9A19103F-16F7-4668-BE54-9A1E7A4F7556}") = "Lab_9_Purple_Test", "..\Lab_9_Purple_Test\Lab_9_Purple_Test.csproj", "{D11CB590-5CC3-432D-9734-F4D07FBE61AA}"
EndProject
Global
	GlobalSection(SolutionConfigurationPlatforms) = preSolution
		Debug|Any CPU = Debug|Any CPU
		Release|Any CPU = Release|Any CPU
	EndGlobalSection
	GlobalSection(ProjectConfigurationPlatforms) = postSolution
		{32EF0537-4FD9-476C-82FC-E493E644E86E}.Debug|Any CPU.ActiveCfg = Debug|Any CPU
		{32EF0537-4FD9-476C-82FC-E493E644E86E}.Debug|Any CPU.Build.0 = Debug|Any CPU
		{32EF0537-4FD9-476C-82FC-E493E644E86E}.Release|Any CPU.ActiveCfg = Release|Any CPU
		{32EF0537-4FD9-476C-82FC-E493E644E86E}.Release|Any CPU.Build.0 = Release|Any CPU
		{78A080E1-F399-4342-916C-2AC5CA2397F1}.Debug|Any CPU.ActiveCfg = Debug|Any CPU
		{78A080E1-F399-4342-916C-2AC5CA2397F1}.Debug|Any CPU.Build.0 = Debug|Any CPU
		{78A080E1-F399-4342-916C-2AC5CA2397F1}.Release|Any CPU.ActiveCfg = Release|Any CPU
		{78A080E1-F399-4342-916C-2AC5CA2397F1}.Release|Any CPU.Build.0 = Release|Any CPU
		{D11CB590-5CC3-432D-9734-F4D07FBE61AA}.Debug|Any CPU.ActiveCfg = Debug|Any CPU
		{D11CB590-5CC3-432D-9734-F4D07FBE61AA}.Debug|Any CPU.Build.0 = Debug|Any CPU
		{D11CB590-5CC3-432D-9734-F4D07FBE61AA}.Release|Any CPU.ActiveCfg = Release|Any CPU
		{D11CB590-5CC3-432D-9734-F4D07FBE61AA}.Release|Any CPU.Build.0 = Release|Any CPU
	EndGlobalSection
	GlobalSection(SolutionProperties) = preSolution
		HideSolutionNode = FALSE
	EndGlobalSection
	GlobalSection(ExtensibilityGlobals) = postSolution
		SolutionGuid = {973D292F-3E2E-4DA3-8769-BCDADAA75BEA}
	EndGlobalSection
EndGlobal
